
Microsoft Visual Studio Solution File, Format Version 12.00
# Visual Studio 15
VisualStudioVersion = 15.0.28307.1145
MinimumVisualStudioVersion = 10.0.40219.1
Project("{8BC9CEB8-8B4A-11D0-8D11-00A0C91BC942}") = "Main", "Main.vcxproj", "{B7FD01A0-F41B-D7FD-8F2C-9D2D57964E86}"
EndProject
Global
	GlobalSection(SolutionConfigurationPlatforms) = preSolution
		Debug|Win32 = Debug|Win32
		Release|Win32 = Release|Win32
		Template|Win32 = Template|Win32
		x64|Win32 = x64|Win32
	EndGlobalSection
	GlobalSection(ProjectConfigurationPlatforms) = postSolution
		{B7FD01A0-F41B-D7FD-8F2C-9D2D57964E86}.Debug|Win32.ActiveCfg = Debug|Win32
		{B7FD01A0-F41B-D7FD-8F2C-9D2D57964E86}.Debug|Win32.Build.0 = Debug|Win32
		{B7FD01A0-F41B-D7FD-8F2C-9D2D57964E86}.Release|Win32.ActiveCfg = Release|Win32
		{B7FD01A0-F41B-D7FD-8F2C-9D2D57964E86}.Release|Win32.Build.0 = Release|Win32
		{B7FD01A0-F41B-D7FD-8F2C-9D2D57964E86}.Template|Win32.ActiveCfg = Template|Win32
		{B7FD01A0-F41B-D7FD-8F2C-9D2D57964E86}.Template|Win32.Build.0 = Template|Win32
		{B7FD01A0-F41B-D7FD-8F2C-9D2D57964E86}.x64|Win32.ActiveCfg = Template|Win32
		{B7FD01A0-F41B-D7FD-8F2C-9D2D57964E86}.x64|Win32.Build.0 = Template|Win32
	EndGlobalSection
	GlobalSection(SolutionProperties) = preSolution
		HideSolutionNode = FALSE
	EndGlobalSection
	GlobalSection(ExtensibilityGlobals) = postSolution
		SolutionGuid = {43075252-C145-4E87-B2A0-DE97DBCAD749}
	EndGlobalSection
EndGlobal
